
Microsoft Visual Studio Solution File, Format Version 12.00
Project("{FAE04EC0-301F-11D3-BF4B-00C04F79EFBC}") = "SpecifiedAppUpdaterClient", "SpecifiedAppUpdaterClient\SpecifiedAppUpdaterClient.csproj", "{5E204E87-64A4-415D-B706-B1CB21DF4242}"
EndProject
Global
	GlobalSection(SolutionConfigurationPlatforms) = preSolution
		Debug|Any CPU = Debug|Any CPU
		Release|Any CPU = Release|Any CPU
	EndGlobalSection
	GlobalSection(ProjectConfigurationPlatforms) = postSolution
		{5E204E87-64A4-415D-B706-B1CB21DF4242}.Debug|Any CPU.ActiveCfg = Debug|Any CPU
		{5E204E87-64A4-415D-B706-B1CB21DF4242}.Debug|Any CPU.Build.0 = Debug|Any CPU
		{5E204E87-64A4-415D-B706-B1CB21DF4242}.Release|Any CPU.ActiveCfg = Release|Any CPU
		{5E204E87-64A4-415D-B706-B1CB21DF4242}.Release|Any CPU.Build.0 = Release|Any CPU
	EndGlobalSection
EndGlobal
